
Microsoft Visual Studio Solution File, Format Version 12.00
# Visual Studio Version 17
VisualStudioVersion = 17.3.32922.545
MinimumVisualStudioVersion = 10.0.40219.1
Project("{FAE04EC0-301F-11D3-BF4B-00C04F79EFBC}") = "QuickSort", "QuickSort\QuickSort.csproj", "{965396BE-DB66-4AE7-B9D5-8B6540F54B2E}"
EndProject
Global
	GlobalSection(SolutionConfigurationPlatforms) = preSolution
		Debug|Any CPU = Debug|Any CPU
		Release|Any CPU = Release|Any CPU
	EndGlobalSection
	GlobalSection(ProjectConfigurationPlatforms) = postSolution
		{965396BE-DB66-4AE7-B9D5-8B6540F54B2E}.Debug|Any CPU.ActiveCfg = Debug|Any CPU
		{965396BE-DB66-4AE7-B9D5-8B6540F54B2E}.Debug|Any CPU.Build.0 = Debug|Any CPU
		{965396BE-DB66-4AE7-B9D5-8B6540F54B2E}.Release|Any CPU.ActiveCfg = Release|Any CPU
		{965396BE-DB66-4AE7-B9D5-8B6540F54B2E}.Release|Any CPU.Build.0 = Release|Any CPU
	EndGlobalSection
	GlobalSection(SolutionProperties) = preSolution
		HideSolutionNode = FALSE
	EndGlobalSection
	GlobalSection(ExtensibilityGlobals) = postSolution
		SolutionGuid = {A642DF91-FD28-4A79-ABD7-3F504092D52C}
	EndGlobalSection
EndGlobal
